
Microsoft Visual Studio Solution File, Format Version 12.00
# Visual Studio Version 16
VisualStudioVersion = 16.0.29709.97
MinimumVisualStudioVersion = 10.0.40219.1
Project("{FAE04EC0-301F-11D3-BF4B-00C04F79EFBC}") = "SortString", "SortString\SortString.csproj", "{27A1E129-6AA5-469E-B145-0BE571869A9C}"
EndProject
Global
	GlobalSection(SolutionConfigurationPlatforms) = preSolution
		Debug|Any CPU = Debug|Any CPU
		Release|Any CPU = Release|Any CPU
	EndGlobalSection
	GlobalSection(ProjectConfigurationPlatforms) = postSolution
		{27A1E129-6AA5-469E-B145-0BE571869A9C}.Debug|Any CPU.ActiveCfg = Debug|Any CPU
		{27A1E129-6AA5-469E-B145-0BE571869A9C}.Debug|Any CPU.Build.0 = Debug|Any CPU
		{27A1E129-6AA5-469E-B145-0BE571869A9C}.Release|Any CPU.ActiveCfg = Release|Any CPU
		{27A1E129-6AA5-469E-B145-0BE571869A9C}.Release|Any CPU.Build.0 = Release|Any CPU
	EndGlobalSection
	GlobalSection(SolutionProperties) = preSolution
		HideSolutionNode = FALSE
	EndGlobalSection
	GlobalSection(ExtensibilityGlobals) = postSolution
		SolutionGuid = {32014FCD-5EBB-4DC4-AA24-278EE730A680}
	EndGlobalSection
EndGlobal
